{
  "name": "atelie-doces-bruna",
  "version": "0.0.0",
  "lockfileVersion": 3,
  "requires": true,
  "packages": {
    "": {
      "name": "atelie-doces-bruna",
      "version": "0.0.0",
      "devDependencies": {
        "ddae-engine": "^0.3.0"
      }
    },
    "node_modules/ddae-engine": {
      "version": "0.3.0",
      "resolved": "https://registry.npmjs.org/ddae-engine/-/ddae-engine-0.3.0.tgz",
      "integrity": "sha512-IFdbXPIsMz/1NwtRqD1fAMTc+PC0F78viasCk6u/XNQ+52b7MyylHDNmW4j/WpLO4zU7lwIYFT9fLoc1Hrs79w==",
      "dev": true,
      "license": "MIT",
      "bin": {
        "ddae-engine": "bin/ddae-engine.js"
      },
      "engines": {
        "node": ">=22"
      }
    }
  }
}
